// !$*UTF8*$!
{
	archiveVersion = 1;
	classes = {
	};
	objectVersion = 56;
	objects = {

/* Begin PBXBuildFile section */
		FA93F14F2B3D1882001D46E5 /* taskApp.swift in Sources */ = {isa = PBXBuildFile; fileRef = FA93F14E2B3D1882001D46E5 /* taskApp.swift */; };
		FA93F1512B3D1882001D46E5 /* ContentView.swift in Sources */ = {isa = PBXBuildFile; fileRef = FA93F1502B3D1882001D46E5 /* ContentView.swift */; };
		FA93F1532B3D1884001D46E5 /* Assets.xcassets in Resources */ = {isa = PBXBuildFile; fileRef = FA93F1522B3D1884001D46E5 /* Assets.xcassets */; };
		FA93F1562B3D1884001D46E5 /* Preview Assets.xcassets in Resources */ = {isa = PBXBuildFile; fileRef = FA93F1552B3D1884001D46E5 /* Preview Assets.xcassets */; };
		FA93F1582B3D1884001D46E5 /* Persistence.swift in Sources */ = {isa = PBXBuildFile; fileRef = FA93F1572B3D1884001D46E5 /* Persistence.swift */; };
		FA93F15B2B3D1884001D46E5 /* task.xcdatamodeld in Sources */ = {isa = PBXBuildFile; fileRef = FA93F1592B3D1884001D46E5 /* task.xcdatamodeld */; };
		FA93F1632B3D250B001D46E5 /* FirebaseAnalytics in Frameworks */ = {isa = PBXBuildFile; productRef = FA93F1622B3D250B001D46E5 /* FirebaseAnalytics */; };
		FA93F1652B3D250B001D46E5 /* FirebaseAnalyticsOnDeviceConversion in Frameworks */ = {isa = PBXBuildFile; productRef = FA93F1642B3D250B001D46E5 /* FirebaseAnalyticsOnDeviceConversion */; };
		FA93F1672B3D250B001D46E5 /* FirebaseAnalyticsSwift in Frameworks */ = {isa = PBXBuildFile; productRef = FA93F1662B3D250B001D46E5 /* FirebaseAnalyticsSwift */; };
		FA93F1692B3D250B001D46E5 /* FirebaseAnalyticsWithoutAdIdSupport in Frameworks */ = {isa = PBXBuildFile; productRef = FA93F1682B3D250B001D46E5 /* FirebaseAnalyticsWithoutAdIdSupport */; };
		FA93F16B2B3D250B001D46E5 /* FirebaseAppCheck in Frameworks */ = {isa = PBXBuildFile; productRef = FA93F16A2B3D250B001D46E5 /* FirebaseAppCheck */; };
		FA93F16D2B3D26A2001D46E5 /* GoogleService-Info.plist in Resources */ = {isa = PBXBuildFile; fileRef = FA93F16C2B3D26A2001D46E5 /* GoogleService-Info.plist */; };
		FA93F1752B3D2AA5001D46E5 /* LoginView.swift in Sources */ = {isa = PBXBuildFile; fileRef = FA93F1742B3D2AA5001D46E5 /* LoginView.swift */; };
/* End PBXBuildFile section */

/* Begin PBXFileReference section */
		FA93F14B2B3D1882001D46E5 /* task.app */ = {isa = PBXFileReference; explicitFileType = wrapper.application; includeInIndex = 0; path = task.app; sourceTree = BUILT_PRODUCTS_DIR; };
		FA93F14E2B3D1882001D46E5 /* taskApp.swift */ = {isa = PBXFileReference; lastKnownFileType = sourcecode.swift; path = taskApp.swift; sourceTree = "<group>"; };
		FA93F1502B3D1882001D46E5 /* ContentView.swift */ = {isa = PBXFileReference; lastKnownFileType = sourcecode.swift; path = ContentView.swift; sourceTree = "<group>"; };
		FA93F1522B3D1884001D46E5 /* Assets.xcassets */ = {isa = PBXFileReference; lastKnownFileType = folder.assetcatalog; path = Assets.xcassets; sourceTree = "<group>"; };
		FA93F1552B3D1884001D46E5 /* Preview Assets.xcassets */ = {isa = PBXFileReference; lastKnownFileType = folder.assetcatalog; path = "Preview Assets.xcassets"; sourceTree = "<group>"; };
		FA93F1572B3D1884001D46E5 /* Persistence.swift */ = {isa = PBXFileReference; lastKnownFileType = sourcecode.swift; path = Persistence.swift; sourceTree = "<group>"; };
		FA93F15A2B3D1884001D46E5 /* task.xcdatamodel */ = {isa = PBXFileReference; lastKnownFileType = wrapper.xcdatamodel; path = task.xcdatamodel; sourceTree = "<group>"; };
		FA93F16C2B3D26A2001D46E5 /* GoogleService-Info.plist */ = {isa = PBXFileReference; fileEncoding = 4; lastKnownFileType = text.plist.xml; path = "GoogleService-Info.plist"; sourceTree = "<group>"; };
		FA93F1742B3D2AA5001D46E5 /* LoginView.swift */ = {isa = PBXFileReference; lastKnownFileType = sourcecode.swift; path = LoginView.swift; sourceTree = "<group>"; };
/* End PBXFileReference section */

/* Begin PBXFrameworksBuildPhase section */
		FA93F1482B3D1882001D46E5 /* Frameworks */ = {
			isa = PBXFrameworksBuildPhase;
			buildActionMask = 2147483647;
			files = (
				FA93F1672B3D250B001D46E5 /* FirebaseAnalyticsSwift in Frameworks */,
				FA93F1632B3D250B001D46E5 /* FirebaseAnalytics in Frameworks */,
				FA93F1652B3D250B001D46E5 /* FirebaseAnalyticsOnDeviceConversion in Frameworks */,
				FA93F16B2B3D250B001D46E5 /* FirebaseAppCheck in Frameworks */,
				FA93F1692B3D250B001D46E5 /* FirebaseAnalyticsWithoutAdIdSupport in Frameworks */,
			);
			runOnlyForDeploymentPostprocessing = 0;
		};
/* End PBXFrameworksBuildPhase section */

/* Begin PBXGroup section */
		FA93F1422B3D1882001D46E5 = {
			isa = PBXGroup;
			children = (
				FA93F14D2B3D1882001D46E5 /* task */,
				FA93F14C2B3D1882001D46E5 /* Products */,
			);
			sourceTree = "<group>";
		};
		FA93F14C2B3D1882001D46E5 /* Products */ = {
			isa = PBXGroup;
			children = (
				FA93F14B2B3D1882001D46E5 /* task.app */,
			);
			name = Products;
			sourceTree = "<group>";
		};
		FA93F14D2B3D1882001D46E5 /* task */ = {
			isa = PBXGroup;
			children = (
				FA93F1712B3D29BA001D46E5 /* Other */,
				FA93F16E2B3D296D001D46E5 /* View */,
				FA93F16C2B3D26A2001D46E5 /* GoogleService-Info.plist */,
				FA93F16F2B3D2986001D46E5 /* ViewModels */,
				FA93F1702B3D298E001D46E5 /* Models */,
				FA93F1592B3D1884001D46E5 /* task.xcdatamodeld */,
				FA93F1542B3D1884001D46E5 /* Preview Content */,
			);
			path = task;
			sourceTree = "<group>";
		};
		FA93F1542B3D1884001D46E5 /* Preview Content */ = {
			isa = PBXGroup;
			children = (
				FA93F1552B3D1884001D46E5 /* Preview Assets.xcassets */,
			);
			path = "Preview Content";
			sourceTree = "<group>";
		};
		FA93F16E2B3D296D001D46E5 /* View */ = {
			isa = PBXGroup;
			children = (
				FA93F1502B3D1882001D46E5 /* ContentView.swift */,
				FA93F1742B3D2AA5001D46E5 /* LoginView.swift */,
			);
			path = View;
			sourceTree = "<group>";
		};
		FA93F16F2B3D2986001D46E5 /* ViewModels */ = {
			isa = PBXGroup;
			children = (
			);
			path = ViewModels;
			sourceTree = "<group>";
		};
		FA93F1702B3D298E001D46E5 /* Models */ = {
			isa = PBXGroup;
			children = (
			);
			path = Models;
			sourceTree = "<group>";
		};
		FA93F1712B3D29BA001D46E5 /* Other */ = {
			isa = PBXGroup;
			children = (
				FA93F1572B3D1884001D46E5 /* Persistence.swift */,
				FA93F14E2B3D1882001D46E5 /* taskApp.swift */,
				FA93F1522B3D1884001D46E5 /* Assets.xcassets */,
			);
			path = Other;
			sourceTree = "<group>";
		};
/* End PBXGroup section */

/* Begin PBXNativeTarget section */
		FA93F14A2B3D1882001D46E5 /* task */ = {
			isa = PBXNativeTarget;
			buildConfigurationList = FA93F15E2B3D1884001D46E5 /* Build configuration list for PBXNativeTarget "task" */;
			buildPhases = (
				FA93F1472B3D1882001D46E5 /* Sources */,
				FA93F1482B3D1882001D46E5 /* Frameworks */,
				FA93F1492B3D1882001D46E5 /* Resources */,
			);
			buildRules = (
			);
			dependencies = (
			);
			name = task;
			packageProductDependencies = (
				FA93F1622B3D250B001D46E5 /* FirebaseAnalytics */,
				FA93F1642B3D250B001D46E5 /* FirebaseAnalyticsOnDeviceConversion */,
				FA93F1662B3D250B001D46E5 /* FirebaseAnalyticsSwift */,
				FA93F1682B3D250B001D46E5 /* FirebaseAnalyticsWithoutAdIdSupport */,
				FA93F16A2B3D250B001D46E5 /* FirebaseAppCheck */,
			);
			productName = task;
			productReference = FA93F14B2B3D1882001D46E5 /* task.app */;
			productType = "com.apple.product-type.application";
		};
/* End PBXNativeTarget section */

/* Begin PBXProject section */
		FA93F1432B3D1882001D46E5 /* Project object */ = {
			isa = PBXProject;
			attributes = {
				BuildIndependentTargetsInParallel = 1;
				LastSwiftUpdateCheck = 1510;
				LastUpgradeCheck = 1510;
				TargetAttributes = {
					FA93F14A2B3D1882001D46E5 = {
						CreatedOnToolsVersion = 15.1;
					};
				};
			};
			buildConfigurationList = FA93F1462B3D1882001D46E5 /* Build configuration list for PBXProject "task" */;
			compatibilityVersion = "Xcode 14.0";
			developmentRegion = en;
			hasScannedForEncodings = 0;
			knownRegions = (
				en,
				Base,
			);
			mainGroup = FA93F1422B3D1882001D46E5;
			packageReferences = (
				FA93F1612B3D250B001D46E5 /* XCRemoteSwiftPackageReference "firebase-ios-sdk" */,
			);
			productRefGroup = FA93F14C2B3D1882001D46E5 /* Products */;
			projectDirPath = "";
			projectRoot = "";
			targets = (
				FA93F14A2B3D1882001D46E5 /* task */,
			);
		};
/* End PBXProject section */

/* Begin PBXResourcesBuildPhase section */
		FA93F1492B3D1882001D46E5 /* Resources */ = {
			isa = PBXResourcesBuildPhase;
			buildActionMask = 2147483647;
			files = (
				FA93F1562B3D1884001D46E5 /* Preview Assets.xcassets in Resources */,
				FA93F1532B3D1884001D46E5 /* Assets.xcassets in Resources */,
				FA93F16D2B3D26A2001D46E5 /* GoogleService-Info.plist in Resources */,
			);
			runOnlyForDeploymentPostprocessing = 0;
		};
/* End PBXResourcesBuildPhase section */

/* Begin PBXSourcesBuildPhase section */
		FA93F1472B3D1882001D46E5 /* Sources */ = {
			isa = PBXSourcesBuildPhase;
			buildActionMask = 2147483647;
			files = (
				FA93F15B2B3D1884001D46E5 /* task.xcdatamodeld in Sources */,
				FA93F1582B3D1884001D46E5 /* Persistence.swift in Sources */,
				FA93F1512B3D1882001D46E5 /* ContentView.swift in Sources */,
				FA93F1752B3D2AA5001D46E5 /* LoginView.swift in Sources */,
				FA93F14F2B3D1882001D46E5 /* taskApp.swift in Sources */,
			);
			runOnlyForDeploymentPostprocessing = 0;
		};
/* End PBXSourcesBuildPhase section */

/* Begin XCBuildConfiguration section */
		FA93F15C2B3D1884001D46E5 /* Debug */ = {
			isa = XCBuildConfiguration;
			buildSettings = {
				ALWAYS_SEARCH_USER_PATHS = NO;
				ASSETCATALOG_COMPILER_GENERATE_SWIFT_ASSET_SYMBOL_EXTENSIONS = YES;
				CLANG_ANALYZER_NONNULL = YES;
				CLANG_ANALYZER_NUMBER_OBJECT_CONVERSION = YES_AGGRESSIVE;
				CLANG_CXX_LANGUAGE_STANDARD = "gnu++20";
				CLANG_ENABLE_MODULES = YES;
				CLANG_ENABLE_OBJC_ARC = YES;
				CLANG_ENABLE_OBJC_WEAK = YES;
				CLANG_WARN_BLOCK_CAPTURE_AUTORELEASING = YES;
				CLANG_WARN_BOOL_CONVERSION = YES;
				CLANG_WARN_COMMA = YES;
				CLANG_WARN_CONSTANT_CONVERSION = YES;
				CLANG_WARN_DEPRECATED_OBJC_IMPLEMENTATIONS = YES;
				CLANG_WARN_DIRECT_OBJC_ISA_USAGE = YES_ERROR;
				CLANG_WARN_DOCUMENTATION_COMMENTS = YES;
				CLANG_WARN_EMPTY_BODY = YES;
				CLANG_WARN_ENUM_CONVERSION = YES;
				CLANG_WARN_INFINITE_RECURSION = YES;
				CLANG_WARN_INT_CONVERSION = YES;
				CLANG_WARN_NON_LITERAL_NULL_CONVERSION = YES;
				CLANG_WARN_OBJC_IMPLICIT_RETAIN_SELF = YES;
				CLANG_WARN_OBJC_LITERAL_CONVERSION = YES;
				CLANG_WARN_OBJC_ROOT_CLASS = YES_ERROR;
				CLANG_WARN_QUOTED_INCLUDE_IN_FRAMEWORK_HEADER = YES;
				CLANG_WARN_RANGE_LOOP_ANALYSIS = YES;
				CLANG_WARN_STRICT_PROTOTYPES = YES;
				CLANG_WARN_SUSPICIOUS_MOVE = YES;
				CLANG_WARN_UNGUARDED_AVAILABILITY = YES_AGGRESSIVE;
				CLANG_WARN_UNREACHABLE_CODE = YES;
				CLANG_WARN__DUPLICATE_METHOD_MATCH = YES;
				COPY_PHASE_STRIP = NO;
				DEBUG_INFORMATION_FORMAT = dwarf;
				ENABLE_STRICT_OBJC_MSGSEND = YES;
				ENABLE_TESTABILITY = YES;
				ENABLE_USER_SCRIPT_SANDBOXING = YES;
				GCC_C_LANGUAGE_STANDARD = gnu17;
				GCC_DYNAMIC_NO_PIC = NO;
				GCC_NO_COMMON_BLOCKS = YES;
				GCC_OPTIMIZATION_LEVEL = 0;
				GCC_PREPROCESSOR_DEFINITIONS = (
					"DEBUG=1",
					"$(inherited)",
				);
				GCC_WARN_64_TO_32_BIT_CONVERSION = YES;
				GCC_WARN_ABOUT_RETURN_TYPE = YES_ERROR;
				GCC_WARN_UNDECLARED_SELECTOR = YES;
				GCC_WARN_UNINITIALIZED_AUTOS = YES_AGGRESSIVE;
				GCC_WARN_UNUSED_FUNCTION = YES;
				GCC_WARN_UNUSED_VARIABLE = YES;
				IPHONEOS_DEPLOYMENT_TARGET = 17.2;
				LOCALIZATION_PREFERS_STRING_CATALOGS = YES;
				MTL_ENABLE_DEBUG_INFO = INCLUDE_SOURCE;
				MTL_FAST_MATH = YES;
				ONLY_ACTIVE_ARCH = YES;
				SDKROOT = iphoneos;
				SWIFT_ACTIVE_COMPILATION_CONDITIONS = "DEBUG $(inherited)";
				SWIFT_OPTIMIZATION_LEVEL = "-Onone";
			};
			name = Debug;
		};
		FA93F15D2B3D1884001D46E5 /* Release */ = {
			isa = XCBuildConfiguration;
			buildSettings = {
				ALWAYS_SEARCH_USER_PATHS = NO;
				ASSETCATALOG_COMPILER_GENERATE_SWIFT_ASSET_SYMBOL_EXTENSIONS = YES;
				CLANG_ANALYZER_NONNULL = YES;
				CLANG_ANALYZER_NUMBER_OBJECT_CONVERSION = YES_AGGRESSIVE;
				CLANG_CXX_LANGUAGE_STANDARD = "gnu++20";
				CLANG_ENABLE_MODULES = YES;
				CLANG_ENABLE_OBJC_ARC = YES;
				CLANG_ENABLE_OBJC_WEAK = YES;
				CLANG_WARN_BLOCK_CAPTURE_AUTORELEASING = YES;
				CLANG_WARN_BOOL_CONVERSION = YES;
				CLANG_WARN_COMMA = YES;
				CLANG_WARN_CONSTANT_CONVERSION = YES;
				CLANG_WARN_DEPRECATED_OBJC_IMPLEMENTATIONS = YES;
				CLANG_WARN_DIRECT_OBJC_ISA_USAGE = YES_ERROR;
				CLANG_WARN_DOCUMENTATION_COMMENTS = YES;
				CLANG_WARN_EMPTY_BODY = YES;
				CLANG_WARN_ENUM_CONVERSION = YES;
				CLANG_WARN_INFINITE_RECURSION = YES;
				CLANG_WARN_INT_CONVERSION = YES;
				CLANG_WARN_NON_LITERAL_NULL_CONVERSION = YES;
				CLANG_WARN_OBJC_IMPLICIT_RETAIN_SELF = YES;
				CLANG_WARN_OBJC_LITERAL_CONVERSION = YES;
				CLANG_WARN_OBJC_ROOT_CLASS = YES_ERROR;
				CLANG_WARN_QUOTED_INCLUDE_IN_FRAMEWORK_HEADER = YES;
				CLANG_WARN_RANGE_LOOP_ANALYSIS = YES;
				CLANG_WARN_STRICT_PROTOTYPES = YES;
				CLANG_WARN_SUSPICIOUS_MOVE = YES;
				CLANG_WARN_UNGUARDED_AVAILABILITY = YES_AGGRESSIVE;
				CLANG_WARN_UNREACHABLE_CODE = YES;
				CLANG_WARN__DUPLICATE_METHOD_MATCH = YES;
				COPY_PHASE_STRIP = NO;
				DEBUG_INFORMATION_FORMAT = "dwarf-with-dsym";
				ENABLE_NS_ASSERTIONS = NO;
				ENABLE_STRICT_OBJC_MSGSEND = YES;
				ENABLE_USER_SCRIPT_SANDBOXING = YES;
				GCC_C_LANGUAGE_STANDARD = gnu17;
				GCC_NO_COMMON_BLOCKS = YES;
				GCC_WARN_64_TO_32_BIT_CONVERSION = YES;
				GCC_WARN_ABOUT_RETURN_TYPE = YES_ERROR;
				GCC_WARN_UNDECLARED_SELECTOR = YES;
				GCC_WARN_UNINITIALIZED_AUTOS = YES_AGGRESSIVE;
				GCC_WARN_UNUSED_FUNCTION = YES;
				GCC_WARN_UNUSED_VARIABLE = YES;
				IPHONEOS_DEPLOYMENT_TARGET = 17.2;
				LOCALIZATION_PREFERS_STRING_CATALOGS = YES;
				MTL_ENABLE_DEBUG_INFO = NO;
				MTL_FAST_MATH = YES;
				SDKROOT = iphoneos;
				SWIFT_COMPILATION_MODE = wholemodule;
				VALIDATE_PRODUCT = YES;
			};
			name = Release;
		};
		FA93F15F2B3D1884001D46E5 /* Debug */ = {
			isa = XCBuildConfiguration;
			buildSettings = {
				ASSETCATALOG_COMPILER_APPICON_NAME = AppIcon;
				ASSETCATALOG_COMPILER_GLOBAL_ACCENT_COLOR_NAME = AccentColor;
				CODE_SIGN_STYLE = Automatic;
				CURRENT_PROJECT_VERSION = 1;
				DEVELOPMENT_ASSET_PATHS = "\"task/Preview Content\"";
				DEVELOPMENT_TEAM = 654F5XSZBD;
				ENABLE_PREVIEWS = YES;
				GENERATE_INFOPLIST_FILE = YES;
				INFOPLIST_KEY_CFBundleDisplayName = fridge;
				INFOPLIST_KEY_UIApplicationSceneManifest_Generation = YES;
				INFOPLIST_KEY_UIApplicationSupportsIndirectInputEvents = YES;
				INFOPLIST_KEY_UILaunchScreen_Generation = YES;
				INFOPLIST_KEY_UISupportedInterfaceOrientations = UIInterfaceOrientationPortrait;
				LD_RUNPATH_SEARCH_PATHS = (
					"$(inherited)",
					"@executable_path/Frameworks",
				);
				MARKETING_VERSION = 1.0;
				PRODUCT_BUNDLE_IDENTIFIER = hey.task;
				PRODUCT_NAME = "$(TARGET_NAME)";
				SWIFT_EMIT_LOC_STRINGS = YES;
				SWIFT_VERSION = 5.0;
				TARGETED_DEVICE_FAMILY = "1,2";
			};
			name = Debug;
		};
		FA93F1602B3D1884001D46E5 /* Release */ = {
			isa = XCBuildConfiguration;
			buildSettings = {
				ASSETCATALOG_COMPILER_APPICON_NAME = AppIcon;
				ASSETCATALOG_COMPILER_GLOBAL_ACCENT_COLOR_NAME = AccentColor;
				CODE_SIGN_STYLE = Automatic;
				CURRENT_PROJECT_VERSION = 1;
				DEVELOPMENT_ASSET_PATHS = "\"task/Preview Content\"";
				DEVELOPMENT_TEAM = 654F5XSZBD;
				ENABLE_PREVIEWS = YES;
				GENERATE_INFOPLIST_FILE = YES;
				INFOPLIST_KEY_CFBundleDisplayName = fridge;
				INFOPLIST_KEY_UIApplicationSceneManifest_Generation = YES;
				INFOPLIST_KEY_UIApplicationSupportsIndirectInputEvents = YES;
				INFOPLIST_KEY_UILaunchScreen_Generation = YES;
				INFOPLIST_KEY_UISupportedInterfaceOrientations = UIInterfaceOrientationPortrait;
				LD_RUNPATH_SEARCH_PATHS = (
					"$(inherited)",
					"@executable_path/Frameworks",
				);
				MARKETING_VERSION = 1.0;
				PRODUCT_BUNDLE_IDENTIFIER = hey.task;
				PRODUCT_NAME = "$(TARGET_NAME)";
				SWIFT_EMIT_LOC_STRINGS = YES;
				SWIFT_VERSION = 5.0;
				TARGETED_DEVICE_FAMILY = "1,2";
			};
			name = Release;
		};
/* End XCBuildConfiguration section */

/* Begin XCConfigurationList section */
		FA93F1462B3D1882001D46E5 /* Build configuration list for PBXProject "task" */ = {
			isa = XCConfigurationList;
			buildConfigurations = (
				FA93F15C2B3D1884001D46E5 /* Debug */,
				FA93F15D2B3D1884001D46E5 /* Release */,
			);
			defaultConfigurationIsVisible = 0;
			defaultConfigurationName = Release;
		};
		FA93F15E2B3D1884001D46E5 /* Build configuration list for PBXNativeTarget "task" */ = {
			isa = XCConfigurationList;
			buildConfigurations = (
				FA93F15F2B3D1884001D46E5 /* Debug */,
				FA93F1602B3D1884001D46E5 /* Release */,
			);
			defaultConfigurationIsVisible = 0;
			defaultConfigurationName = Release;
		};
/* End XCConfigurationList section */

/* Begin XCRemoteSwiftPackageReference section */
		FA93F1612B3D250B001D46E5 /* XCRemoteSwiftPackageReference "firebase-ios-sdk" */ = {
			isa = XCRemoteSwiftPackageReference;
			repositoryURL = "https://github.com/firebase/firebase-ios-sdk.git";
			requirement = {
				kind = upToNextMajorVersion;
				minimumVersion = 10.19.1;
			};
		};
/* End XCRemoteSwiftPackageReference section */

/* Begin XCSwiftPackageProductDependency section */
		FA93F1622B3D250B001D46E5 /* FirebaseAnalytics */ = {
			isa = XCSwiftPackageProductDependency;
			package = FA93F1612B3D250B001D46E5 /* XCRemoteSwiftPackageReference "firebase-ios-sdk" */;
			productName = FirebaseAnalytics;
		};
		FA93F1642B3D250B001D46E5 /* FirebaseAnalyticsOnDeviceConversion */ = {
			isa = XCSwiftPackageProductDependency;
			package = FA93F1612B3D250B001D46E5 /* XCRemoteSwiftPackageReference "firebase-ios-sdk" */;
			productName = FirebaseAnalyticsOnDeviceConversion;
		};
		FA93F1662B3D250B001D46E5 /* FirebaseAnalyticsSwift */ = {
			isa = XCSwiftPackageProductDependency;
			package = FA93F1612B3D250B001D46E5 /* XCRemoteSwiftPackageReference "firebase-ios-sdk" */;
			productName = FirebaseAnalyticsSwift;
		};
		FA93F1682B3D250B001D46E5 /* FirebaseAnalyticsWithoutAdIdSupport */ = {
			isa = XCSwiftPackageProductDependency;
			package = FA93F1612B3D250B001D46E5 /* XCRemoteSwiftPackageReference "firebase-ios-sdk" */;
			productName = FirebaseAnalyticsWithoutAdIdSupport;
		};
		FA93F16A2B3D250B001D46E5 /* FirebaseAppCheck */ = {
			isa = XCSwiftPackageProductDependency;
			package = FA93F1612B3D250B001D46E5 /* XCRemoteSwiftPackageReference "firebase-ios-sdk" */;
			productName = FirebaseAppCheck;
		};
/* End XCSwiftPackageProductDependency section */

/* Begin XCVersionGroup section */
		FA93F1592B3D1884001D46E5 /* task.xcdatamodeld */ = {
			isa = XCVersionGroup;
			children = (
				FA93F15A2B3D1884001D46E5 /* task.xcdatamodel */,
			);
			currentVersion = FA93F15A2B3D1884001D46E5 /* task.xcdatamodel */;
			path = task.xcdatamodeld;
			sourceTree = "<group>";
			versionGroupType = wrapper.xcdatamodel;
		};
/* End XCVersionGroup section */
	};
	rootObject = FA93F1432B3D1882001D46E5 /* Project object */;
}
